// !$*UTF8*$!
{
	archiveVersion = 1;
	classes = {
	};
	objectVersion = 46;
	objects = {

/* Begin PBXBuildFile section */
		B88769DC18B491C3004B2710 /* Foundation.framework in Frameworks */ = {isa = PBXBuildFile; fileRef = B88769DB18B491C3004B2710 /* Foundation.framework */; };
		B88769DE18B491C3004B2710 /* CoreGraphics.framework in Frameworks */ = {isa = PBXBuildFile; fileRef = B88769DD18B491C3004B2710 /* CoreGraphics.framework */; };
		B88769E018B491C3004B2710 /* UIKit.framework in Frameworks */ = {isa = PBXBuildFile; fileRef = B88769DF18B491C3004B2710 /* UIKit.framework */; };
		B88769E618B491C3004B2710 /* InfoPlist.strings in Resources */ = {isa = PBXBuildFile; fileRef = B88769E418B491C3004B2710 /* InfoPlist.strings */; };
		B88769E818B491C3004B2710 /* main.m in Sources */ = {isa = PBXBuildFile; fileRef = B88769E718B491C3004B2710 /* main.m */; };
		B88769EC18B491C3004B2710 /* GuessAppDelegate.m in Sources */ = {isa = PBXBuildFile; fileRef = B88769EB18B491C3004B2710 /* GuessAppDelegate.m */; };
		B88769EF18B491C3004B2710 /* Main.storyboard in Resources */ = {isa = PBXBuildFile; fileRef = B88769ED18B491C3004B2710 /* Main.storyboard */; };
		B88769F218B491C3004B2710 /* GuessViewController.m in Sources */ = {isa = PBXBuildFile; fileRef = B88769F118B491C3004B2710 /* GuessViewController.m */; };
		B88769F418B491C3004B2710 /* Images.xcassets in Resources */ = {isa = PBXBuildFile; fileRef = B88769F318B491C3004B2710 /* Images.xcassets */; };
		B88769FB18B491C3004B2710 /* XCTest.framework in Frameworks */ = {isa = PBXBuildFile; fileRef = B88769FA18B491C3004B2710 /* XCTest.framework */; };
		B88769FC18B491C3004B2710 /* Foundation.framework in Frameworks */ = {isa = PBXBuildFile; fileRef = B88769DB18B491C3004B2710 /* Foundation.framework */; };
		B88769FD18B491C3004B2710 /* UIKit.framework in Frameworks */ = {isa = PBXBuildFile; fileRef = B88769DF18B491C3004B2710 /* UIKit.framework */; };
		B8876A0518B491C4004B2710 /* InfoPlist.strings in Resources */ = {isa = PBXBuildFile; fileRef = B8876A0318B491C4004B2710 /* InfoPlist.strings */; };
		B8876A0718B491C4004B2710 /* GuessTests.m in Sources */ = {isa = PBXBuildFile; fileRef = B8876A0618B491C4004B2710 /* GuessTests.m */; };
/* End PBXBuildFile section */

/* Begin PBXContainerItemProxy section */
		B88769FE18B491C4004B2710 /* PBXContainerItemProxy */ = {
			isa = PBXContainerItemProxy;
			containerPortal = B88769D018B491C3004B2710 /* Project object */;
			proxyType = 1;
			remoteGlobalIDString = B88769D718B491C3004B2710;
			remoteInfo = Guess;
		};
/* End PBXContainerItemProxy section */

/* Begin PBXFileReference section */
		B88769D818B491C3004B2710 /* Guess.app */ = {isa = PBXFileReference; explicitFileType = wrapper.application; includeInIndex = 0; path = Guess.app; sourceTree = BUILT_PRODUCTS_DIR; };
		B88769DB18B491C3004B2710 /* Foundation.framework */ = {isa = PBXFileReference; lastKnownFileType = wrapper.framework; name = Foundation.framework; path = System/Library/Frameworks/Foundation.framework; sourceTree = SDKROOT; };
		B88769DD18B491C3004B2710 /* CoreGraphics.framework */ = {isa = PBXFileReference; lastKnownFileType = wrapper.framework; name = CoreGraphics.framework; path = System/Library/Frameworks/CoreGraphics.framework; sourceTree = SDKROOT; };
		B88769DF18B491C3004B2710 /* UIKit.framework */ = {isa = PBXFileReference; lastKnownFileType = wrapper.framework; name = UIKit.framework; path = System/Library/Frameworks/UIKit.framework; sourceTree = SDKROOT; };
		B88769E318B491C3004B2710 /* Guess-Info.plist */ = {isa = PBXFileReference; lastKnownFileType = text.plist.xml; path = "Guess-Info.plist"; sourceTree = "<group>"; };
		B88769E518B491C3004B2710 /* en */ = {isa = PBXFileReference; lastKnownFileType = text.plist.strings; name = en; path = en.lproj/InfoPlist.strings; sourceTree = "<group>"; };
		B88769E718B491C3004B2710 /* main.m */ = {isa = PBXFileReference; lastKnownFileType = sourcecode.c.objc; path = main.m; sourceTree = "<group>"; };
		B88769E918B491C3004B2710 /* Guess-Prefix.pch */ = {isa = PBXFileReference; lastKnownFileType = sourcecode.c.h; path = "Guess-Prefix.pch"; sourceTree = "<group>"; };
		B88769EA18B491C3004B2710 /* GuessAppDelegate.h */ = {isa = PBXFileReference; lastKnownFileType = sourcecode.c.h; path = GuessAppDelegate.h; sourceTree = "<group>"; };
		B88769EB18B491C3004B2710 /* GuessAppDelegate.m */ = {isa = PBXFileReference; lastKnownFileType = sourcecode.c.objc; path = GuessAppDelegate.m; sourceTree = "<group>"; };
		B88769EE18B491C3004B2710 /* Base */ = {isa = PBXFileReference; lastKnownFileType = file.storyboard; name = Base; path = Base.lproj/Main.storyboard; sourceTree = "<group>"; };
		B88769F018B491C3004B2710 /* GuessViewController.h */ = {isa = PBXFileReference; lastKnownFileType = sourcecode.c.h; path = GuessViewController.h; sourceTree = "<group>"; };
		B88769F118B491C3004B2710 /* GuessViewController.m */ = {isa = PBXFileReference; lastKnownFileType = sourcecode.c.objc; path = GuessViewController.m; sourceTree = "<group>"; };
		B88769F318B491C3004B2710 /* Images.xcassets */ = {isa = PBXFileReference; lastKnownFileType = folder.assetcatalog; path = Images.xcassets; sourceTree = "<group>"; };
		B88769F918B491C3004B2710 /* GuessTests.xctest */ = {isa = PBXFileReference; explicitFileType = wrapper.cfbundle; includeInIndex = 0; path = GuessTests.xctest; sourceTree = BUILT_PRODUCTS_DIR; };
		B88769FA18B491C3004B2710 /* XCTest.framework */ = {isa = PBXFileReference; lastKnownFileType = wrapper.framework; name = XCTest.framework; path = Library/Frameworks/XCTest.framework; sourceTree = DEVELOPER_DIR; };
		B8876A0218B491C4004B2710 /* GuessTests-Info.plist */ = {isa = PBXFileReference; lastKnownFileType = text.plist.xml; path = "GuessTests-Info.plist"; sourceTree = "<group>"; };
		B8876A0418B491C4004B2710 /* en */ = {isa = PBXFileReference; lastKnownFileType = text.plist.strings; name = en; path = en.lproj/InfoPlist.strings; sourceTree = "<group>"; };
		B8876A0618B491C4004B2710 /* GuessTests.m */ = {isa = PBXFileReference; lastKnownFileType = sourcecode.c.objc; path = GuessTests.m; sourceTree = "<group>"; };
/* End PBXFileReference section */

/* Begin PBXFrameworksBuildPhase section */
		B88769D518B491C3004B2710 /* Frameworks */ = {
			isa = PBXFrameworksBuildPhase;
			buildActionMask = 2147483647;
			files = (
				B88769DE18B491C3004B2710 /* CoreGraphics.framework in Frameworks */,
				B88769E018B491C3004B2710 /* UIKit.framework in Frameworks */,
				B88769DC18B491C3004B2710 /* Foundation.framework in Frameworks */,
			);
			runOnlyForDeploymentPostprocessing = 0;
		};
		B88769F618B491C3004B2710 /* Frameworks */ = {
			isa = PBXFrameworksBuildPhase;
			buildActionMask = 2147483647;
			files = (
				B88769FB18B491C3004B2710 /* XCTest.framework in Frameworks */,
				B88769FD18B491C3004B2710 /* UIKit.framework in Frameworks */,
				B88769FC18B491C3004B2710 /* Foundation.framework in Frameworks */,
			);
			runOnlyForDeploymentPostprocessing = 0;
		};
/* End PBXFrameworksBuildPhase section */

/* Begin PBXGroup section */
		B88769CF18B491C3004B2710 = {
			isa = PBXGroup;
			children = (
				B88769E118B491C3004B2710 /* Guess */,
				B8876A0018B491C4004B2710 /* GuessTests */,
				B88769DA18B491C3004B2710 /* Frameworks */,
				B88769D918B491C3004B2710 /* Products */,
			);
			sourceTree = "<group>";
		};
		B88769D918B491C3004B2710 /* Products */ = {
			isa = PBXGroup;
			children = (
				B88769D818B491C3004B2710 /* Guess.app */,
				B88769F918B491C3004B2710 /* GuessTests.xctest */,
			);
			name = Products;
			sourceTree = "<group>";
		};
		B88769DA18B491C3004B2710 /* Frameworks */ = {
			isa = PBXGroup;
			children = (
				B88769DB18B491C3004B2710 /* Foundation.framework */,
				B88769DD18B491C3004B2710 /* CoreGraphics.framework */,
				B88769DF18B491C3004B2710 /* UIKit.framework */,
				B88769FA18B491C3004B2710 /* XCTest.framework */,
			);
			name = Frameworks;
			sourceTree = "<group>";
		};
		B88769E118B491C3004B2710 /* Guess */ = {
			isa = PBXGroup;
			children = (
				B88769EA18B491C3004B2710 /* GuessAppDelegate.h */,
				B88769EB18B491C3004B2710 /* GuessAppDelegate.m */,
				B88769ED18B491C3004B2710 /* Main.storyboard */,
				B88769F018B491C3004B2710 /* GuessViewController.h */,
				B88769F118B491C3004B2710 /* GuessViewController.m */,
				B88769F318B491C3004B2710 /* Images.xcassets */,
				B88769E218B491C3004B2710 /* Supporting Files */,
			);
			path = Guess;
			sourceTree = "<group>";
		};
		B88769E218B491C3004B2710 /* Supporting Files */ = {
			isa = PBXGroup;
			children = (
				B88769E318B491C3004B2710 /* Guess-Info.plist */,
				B88769E418B491C3004B2710 /* InfoPlist.strings */,
				B88769E718B491C3004B2710 /* main.m */,
				B88769E918B491C3004B2710 /* Guess-Prefix.pch */,
			);
			name = "Supporting Files";
			sourceTree = "<group>";
		};
		B8876A0018B491C4004B2710 /* GuessTests */ = {
			isa = PBXGroup;
			children = (
				B8876A0618B491C4004B2710 /* GuessTests.m */,
				B8876A0118B491C4004B2710 /* Supporting Files */,
			);
			path = GuessTests;
			sourceTree = "<group>";
		};
		B8876A0118B491C4004B2710 /* Supporting Files */ = {
			isa = PBXGroup;
			children = (
				B8876A0218B491C4004B2710 /* GuessTests-Info.plist */,
				B8876A0318B491C4004B2710 /* InfoPlist.strings */,
			);
			name = "Supporting Files";
			sourceTree = "<group>";
		};
/* End PBXGroup section */

/* Begin PBXNativeTarget section */
		B88769D718B491C3004B2710 /* Guess */ = {
			isa = PBXNativeTarget;
			buildConfigurationList = B8876A0A18B491C4004B2710 /* Build configuration list for PBXNativeTarget "Guess" */;
			buildPhases = (
				B88769D418B491C3004B2710 /* Sources */,
				B88769D518B491C3004B2710 /* Frameworks */,
				B88769D618B491C3004B2710 /* Resources */,
			);
			buildRules = (
			);
			dependencies = (
			);
			name = Guess;
			productName = Guess;
			productReference = B88769D818B491C3004B2710 /* Guess.app */;
			productType = "com.apple.product-type.application";
		};
		B88769F818B491C3004B2710 /* GuessTests */ = {
			isa = PBXNativeTarget;
			buildConfigurationList = B8876A0D18B491C4004B2710 /* Build configuration list for PBXNativeTarget "GuessTests" */;
			buildPhases = (
				B88769F518B491C3004B2710 /* Sources */,
				B88769F618B491C3004B2710 /* Frameworks */,
				B88769F718B491C3004B2710 /* Resources */,
			);
			buildRules = (
			);
			dependencies = (
				B88769FF18B491C4004B2710 /* PBXTargetDependency */,
			);
			name = GuessTests;
			productName = GuessTests;
			productReference = B88769F918B491C3004B2710 /* GuessTests.xctest */;
			productType = "com.apple.product-type.bundle.unit-test";
		};
/* End PBXNativeTarget section */

/* Begin PBXProject section */
		B88769D018B491C3004B2710 /* Project object */ = {
			isa = PBXProject;
			attributes = {
				CLASSPREFIX = Guess;
				LastUpgradeCheck = 0500;
				ORGANIZATIONNAME = blur;
				TargetAttributes = {
					B88769F818B491C3004B2710 = {
						TestTargetID = B88769D718B491C3004B2710;
					};
				};
			};
			buildConfigurationList = B88769D318B491C3004B2710 /* Build configuration list for PBXProject "Guess" */;
			compatibilityVersion = "Xcode 3.2";
			developmentRegion = English;
			hasScannedForEncodings = 0;
			knownRegions = (
				en,
				Base,
			);
			mainGroup = B88769CF18B491C3004B2710;
			productRefGroup = B88769D918B491C3004B2710 /* Products */;
			projectDirPath = "";
			projectRoot = "";
			targets = (
				B88769D718B491C3004B2710 /* Guess */,
				B88769F818B491C3004B2710 /* GuessTests */,
			);
		};
/* End PBXProject section */

/* Begin PBXResourcesBuildPhase section */
		B88769D618B491C3004B2710 /* Resources */ = {
			isa = PBXResourcesBuildPhase;
			buildActionMask = 2147483647;
			files = (
				B88769F418B491C3004B2710 /* Images.xcassets in Resources */,
				B88769E618B491C3004B2710 /* InfoPlist.strings in Resources */,
				B88769EF18B491C3004B2710 /* Main.storyboard in Resources */,
			);
			runOnlyForDeploymentPostprocessing = 0;
		};
		B88769F718B491C3004B2710 /* Resources */ = {
			isa = PBXResourcesBuildPhase;
			buildActionMask = 2147483647;
			files = (
				B8876A0518B491C4004B2710 /* InfoPlist.strings in Resources */,
			);
			runOnlyForDeploymentPostprocessing = 0;
		};
/* End PBXResourcesBuildPhase section */

/* Begin PBXSourcesBuildPhase section */
		B88769D418B491C3004B2710 /* Sources */ = {
			isa = PBXSourcesBuildPhase;
			buildActionMask = 2147483647;
			files = (
				B88769EC18B491C3004B2710 /* GuessAppDelegate.m in Sources */,
				B88769E818B491C3004B2710 /* main.m in Sources */,
				B88769F218B491C3004B2710 /* GuessViewController.m in Sources */,
			);
			runOnlyForDeploymentPostprocessing = 0;
		};
		B88769F518B491C3004B2710 /* Sources */ = {
			isa = PBXSourcesBuildPhase;
			buildActionMask = 2147483647;
			files = (
				B8876A0718B491C4004B2710 /* GuessTests.m in Sources */,
			);
			runOnlyForDeploymentPostprocessing = 0;
		};
/* End PBXSourcesBuildPhase section */

/* Begin PBXTargetDependency section */
		B88769FF18B491C4004B2710 /* PBXTargetDependency */ = {
			isa = PBXTargetDependency;
			target = B88769D718B491C3004B2710 /* Guess */;
			targetProxy = B88769FE18B491C4004B2710 /* PBXContainerItemProxy */;
		};
/* End PBXTargetDependency section */

/* Begin PBXVariantGroup section */
		B88769E418B491C3004B2710 /* InfoPlist.strings */ = {
			isa = PBXVariantGroup;
			children = (
				B88769E518B491C3004B2710 /* en */,
			);
			name = InfoPlist.strings;
			sourceTree = "<group>";
		};
		B88769ED18B491C3004B2710 /* Main.storyboard */ = {
			isa = PBXVariantGroup;
			children = (
				B88769EE18B491C3004B2710 /* Base */,
			);
			name = Main.storyboard;
			sourceTree = "<group>";
		};
		B8876A0318B491C4004B2710 /* InfoPlist.strings */ = {
			isa = PBXVariantGroup;
			children = (
				B8876A0418B491C4004B2710 /* en */,
			);
			name = InfoPlist.strings;
			sourceTree = "<group>";
		};
/* End PBXVariantGroup section */

/* Begin XCBuildConfiguration section */
		B8876A0818B491C4004B2710 /* Debug */ = {
			isa = XCBuildConfiguration;
			buildSettings = {
				ALWAYS_SEARCH_USER_PATHS = NO;
				ARCHS = "$(ARCHS_STANDARD_INCLUDING_64_BIT)";
				CLANG_CXX_LANGUAGE_STANDARD = "gnu++0x";
				CLANG_CXX_LIBRARY = "libc++";
				CLANG_ENABLE_MODULES = YES;
				CLANG_ENABLE_OBJC_ARC = YES;
				CLANG_WARN_BOOL_CONVERSION = YES;
				CLANG_WARN_CONSTANT_CONVERSION = YES;
				CLANG_WARN_DIRECT_OBJC_ISA_USAGE = YES_ERROR;
				CLANG_WARN_EMPTY_BODY = YES;
				CLANG_WARN_ENUM_CONVERSION = YES;
				CLANG_WARN_INT_CONVERSION = YES;
				CLANG_WARN_OBJC_ROOT_CLASS = YES_ERROR;
				CLANG_WARN__DUPLICATE_METHOD_MATCH = YES;
				"CODE_SIGN_IDENTITY[sdk=iphoneos*]" = "iPhone Developer";
				COPY_PHASE_STRIP = NO;
				GCC_C_LANGUAGE_STANDARD = gnu99;
				GCC_DYNAMIC_NO_PIC = NO;
				GCC_OPTIMIZATION_LEVEL = 0;
				GCC_PREPROCESSOR_DEFINITIONS = (
					"DEBUG=1",
					"$(inherited)",
				);
				GCC_SYMBOLS_PRIVATE_EXTERN = NO;
				GCC_WARN_64_TO_32_BIT_CONVERSION = YES;
				GCC_WARN_ABOUT_RETURN_TYPE = YES_ERROR;
				GCC_WARN_UNDECLARED_SELECTOR = YES;
				GCC_WARN_UNINITIALIZED_AUTOS = YES;
				GCC_WARN_UNUSED_FUNCTION = YES;
				GCC_WARN_UNUSED_VARIABLE = YES;
				IPHONEOS_DEPLOYMENT_TARGET = 7.0;
				ONLY_ACTIVE_ARCH = YES;
				SDKROOT = iphoneos;
			};
			name = Debug;
		};
		B8876A0918B491C4004B2710 /* Release */ = {
			isa = XCBuildConfiguration;
			buildSettings = {
				ALWAYS_SEARCH_USER_PATHS = NO;
				ARCHS = "$(ARCHS_STANDARD_INCLUDING_64_BIT)";
				CLANG_CXX_LANGUAGE_STANDARD = "gnu++0x";
				CLANG_CXX_LIBRARY = "libc++";
				CLANG_ENABLE_MODULES = YES;
				CLANG_ENABLE_OBJC_ARC = YES;
				CLANG_WARN_BOOL_CONVERSION = YES;
				CLANG_WARN_CONSTANT_CONVERSION = YES;
				CLANG_WARN_DIRECT_OBJC_ISA_USAGE = YES_ERROR;
				CLANG_WARN_EMPTY_BODY = YES;
				CLANG_WARN_ENUM_CONVERSION = YES;
				CLANG_WARN_INT_CONVERSION = YES;
				CLANG_WARN_OBJC_ROOT_CLASS = YES_ERROR;
				CLANG_WARN__DUPLICATE_METHOD_MATCH = YES;
				"CODE_SIGN_IDENTITY[sdk=iphoneos*]" = "iPhone Developer";
				COPY_PHASE_STRIP = YES;
				ENABLE_NS_ASSERTIONS = NO;
				GCC_C_LANGUAGE_STANDARD = gnu99;
				GCC_WARN_64_TO_32_BIT_CONVERSION = YES;
				GCC_WARN_ABOUT_RETURN_TYPE = YES_ERROR;
				GCC_WARN_UNDECLARED_SELECTOR = YES;
				GCC_WARN_UNINITIALIZED_AUTOS = YES;
				GCC_WARN_UNUSED_FUNCTION = YES;
				GCC_WARN_UNUSED_VARIABLE = YES;
				IPHONEOS_DEPLOYMENT_TARGET = 7.0;
				SDKROOT = iphoneos;
				VALIDATE_PRODUCT = YES;
			};
			name = Release;
		};
		B8876A0B18B491C4004B2710 /* Debug */ = {
			isa = XCBuildConfiguration;
			buildSettings = {
				ASSETCATALOG_COMPILER_APPICON_NAME = AppIcon;
				ASSETCATALOG_COMPILER_LAUNCHIMAGE_NAME = LaunchImage;
				GCC_PRECOMPILE_PREFIX_HEADER = YES;
				GCC_PREFIX_HEADER = "Guess/Guess-Prefix.pch";
				INFOPLIST_FILE = "Guess/Guess-Info.plist";
				PRODUCT_NAME = "$(TARGET_NAME)";
				WRAPPER_EXTENSION = app;
			};
			name = Debug;
		};
		B8876A0C18B491C4004B2710 /* Release */ = {
			isa = XCBuildConfiguration;
			buildSettings = {
				ASSETCATALOG_COMPILER_APPICON_NAME = AppIcon;
				ASSETCATALOG_COMPILER_LAUNCHIMAGE_NAME = LaunchImage;
				GCC_PRECOMPILE_PREFIX_HEADER = YES;
				GCC_PREFIX_HEADER = "Guess/Guess-Prefix.pch";
				INFOPLIST_FILE = "Guess/Guess-Info.plist";
				PRODUCT_NAME = "$(TARGET_NAME)";
				WRAPPER_EXTENSION = app;
			};
			name = Release;
		};
		B8876A0E18B491C4004B2710 /* Debug */ = {
			isa = XCBuildConfiguration;
			buildSettings = {
				ARCHS = "$(ARCHS_STANDARD_INCLUDING_64_BIT)";
				BUNDLE_LOADER = "$(BUILT_PRODUCTS_DIR)/Guess.app/Guess";
				FRAMEWORK_SEARCH_PATHS = (
					"$(SDKROOT)/Developer/Library/Frameworks",
					"$(inherited)",
					"$(DEVELOPER_FRAMEWORKS_DIR)",
				);
				GCC_PRECOMPILE_PREFIX_HEADER = YES;
				GCC_PREFIX_HEADER = "Guess/Guess-Prefix.pch";
				GCC_PREPROCESSOR_DEFINITIONS = (
					"DEBUG=1",
					"$(inherited)",
				);
				INFOPLIST_FILE = "GuessTests/GuessTests-Info.plist";
				PRODUCT_NAME = "$(TARGET_NAME)";
				TEST_HOST = "$(BUNDLE_LOADER)";
				WRAPPER_EXTENSION = xctest;
			};
			name = Debug;
		};
		B8876A0F18B491C4004B2710 /* Release */ = {
			isa = XCBuildConfiguration;
			buildSettings = {
				ARCHS = "$(ARCHS_STANDARD_INCLUDING_64_BIT)";
				BUNDLE_LOADER = "$(BUILT_PRODUCTS_DIR)/Guess.app/Guess";
				FRAMEWORK_SEARCH_PATHS = (
					"$(SDKROOT)/Developer/Library/Frameworks",
					"$(inherited)",
					"$(DEVELOPER_FRAMEWORKS_DIR)",
				);
				GCC_PRECOMPILE_PREFIX_HEADER = YES;
				GCC_PREFIX_HEADER = "Guess/Guess-Prefix.pch";
				INFOPLIST_FILE = "GuessTests/GuessTests-Info.plist";
				PRODUCT_NAME = "$(TARGET_NAME)";
				TEST_HOST = "$(BUNDLE_LOADER)";
				WRAPPER_EXTENSION = xctest;
			};
			name = Release;
		};
/* End XCBuildConfiguration section */

/* Begin XCConfigurationList section */
		B88769D318B491C3004B2710 /* Build configuration list for PBXProject "Guess" */ = {
			isa = XCConfigurationList;
			buildConfigurations = (
				B8876A0818B491C4004B2710 /* Debug */,
				B8876A0918B491C4004B2710 /* Release */,
			);
			defaultConfigurationIsVisible = 0;
			defaultConfigurationName = Release;
		};
		B8876A0A18B491C4004B2710 /* Build configuration list for PBXNativeTarget "Guess" */ = {
			isa = XCConfigurationList;
			buildConfigurations = (
				B8876A0B18B491C4004B2710 /* Debug */,
				B8876A0C18B491C4004B2710 /* Release */,
			);
			defaultConfigurationIsVisible = 0;
		};
		B8876A0D18B491C4004B2710 /* Build configuration list for PBXNativeTarget "GuessTests" */ = {
			isa = XCConfigurationList;
			buildConfigurations = (
				B8876A0E18B491C4004B2710 /* Debug */,
				B8876A0F18B491C4004B2710 /* Release */,
			);
			defaultConfigurationIsVisible = 0;
		};
/* End XCConfigurationList section */
	};
	rootObject = B88769D018B491C3004B2710 /* Project object */;
}
